{
  "name": "breakout-skeleton",
  "version": "0.0.1",
  "lockfileVersion": 1,
  "requires": true,
  "dependencies": {
    "@webcomponents/webcomponentsjs": {
      "version": "2.5.0",
      "resolved": "https://registry.npmjs.org/@webcomponents/webcomponentsjs/-/webcomponentsjs-2.5.0.tgz",
      "integrity": "sha512-C0l51MWQZ9kLzcxOZtniOMohpIFdCLZum7/TEHv3XWFc1Fvt5HCpbSX84x8ltka/JuNKcuiDnxXFkiB2gaePcg=="
    },
    "webcomponentsjs": {
      "version": "1.0.2",
      "resolved": "https://registry.npmjs.org/webcomponentsjs/-/webcomponentsjs-1.0.2.tgz",
      "integrity": "sha1-sCiRTFeaYdgUSRPHyUws9zuV/Gk="
    }
  }
}
